// !$*UTF8*$!
{
	archiveVersion = 1;
	classes = {
	};
	objectVersion = 46;
	objects = {

/* Begin PBXBuildFile section */
		27547522BDF713378473B452 /* Pods_Course_Demo_App.framework in Frameworks */ = {isa = PBXBuildFile; fileRef = EB4C40879FC44C1751A3A795 /* Pods_Course_Demo_App.framework */; };
		6A0E8ACC1F834A8B0058A37A /* ColegiosTableViewController.swift in Sources */ = {isa = PBXBuildFile; fileRef = 6A0E8ACB1F834A8B0058A37A /* ColegiosTableViewController.swift */; };
		6A0E8ACF1F834E5E0058A37A /* Colegio.swift in Sources */ = {isa = PBXBuildFile; fileRef = 6A0E8ACE1F834E5E0058A37A /* Colegio.swift */; };
		6A0E8AD21F8353DD0058A37A /* Constantes.swift in Sources */ = {isa = PBXBuildFile; fileRef = 6A0E8AD11F8353DD0058A37A /* Constantes.swift */; };
		6A0E8AD41F8354330058A37A /* GobService.swift in Sources */ = {isa = PBXBuildFile; fileRef = 6A0E8AD31F8354330058A37A /* GobService.swift */; };
		6A4734031F7CBB92006150E9 /* NuevoClienteTableViewController.swift in Sources */ = {isa = PBXBuildFile; fileRef = 6A4734021F7CBB92006150E9 /* NuevoClienteTableViewController.swift */; };
		6A4803A91F7E6ED50050BCB2 /* Model.xcdatamodeld in Sources */ = {isa = PBXBuildFile; fileRef = 6A4803A71F7E6ED50050BCB2 /* Model.xcdatamodeld */; };
		6A50C44A1F8209D200D7BD1B /* Cliente+CoreDataClass.swift in Sources */ = {isa = PBXBuildFile; fileRef = 6A50C4481F8209D200D7BD1B /* Cliente+CoreDataClass.swift */; };
		6A50C44B1F8209D200D7BD1B /* Cliente+CoreDataProperties.swift in Sources */ = {isa = PBXBuildFile; fileRef = 6A50C4491F8209D200D7BD1B /* Cliente+CoreDataProperties.swift */; };
		6A640E301F7895C6005CEF16 /* AppDelegate.swift in Sources */ = {isa = PBXBuildFile; fileRef = 6A640E2F1F7895C6005CEF16 /* AppDelegate.swift */; };
		6A640E321F7895C6005CEF16 /* ViewController.swift in Sources */ = {isa = PBXBuildFile; fileRef = 6A640E311F7895C6005CEF16 /* ViewController.swift */; };
		6A640E351F7895C6005CEF16 /* Main.storyboard in Resources */ = {isa = PBXBuildFile; fileRef = 6A640E331F7895C6005CEF16 /* Main.storyboard */; };
		6A640E371F7895C6005CEF16 /* Assets.xcassets in Resources */ = {isa = PBXBuildFile; fileRef = 6A640E361F7895C6005CEF16 /* Assets.xcassets */; };
		6A640E3A1F7895C6005CEF16 /* LaunchScreen.storyboard in Resources */ = {isa = PBXBuildFile; fileRef = 6A640E381F7895C6005CEF16 /* LaunchScreen.storyboard */; };
		6A640E421F789AF0005CEF16 /* RegistroViewController.swift in Sources */ = {isa = PBXBuildFile; fileRef = 6A640E411F789AF0005CEF16 /* RegistroViewController.swift */; };
		6A640E441F789B76005CEF16 /* PuntosViewController.swift in Sources */ = {isa = PBXBuildFile; fileRef = 6A640E431F789B76005CEF16 /* PuntosViewController.swift */; };
		6A640E461F78A38B005CEF16 /* PrincipalViewController.swift in Sources */ = {isa = PBXBuildFile; fileRef = 6A640E451F78A38B005CEF16 /* PrincipalViewController.swift */; };
		6A640E481F78A39D005CEF16 /* ConctactoViewController.swift in Sources */ = {isa = PBXBuildFile; fileRef = 6A640E471F78A39D005CEF16 /* ConctactoViewController.swift */; };
		6A680D811F79F6DD0073213C /* Persona.swift in Sources */ = {isa = PBXBuildFile; fileRef = 6A680D801F79F6DD0073213C /* Persona.swift */; };
		6A8A71571F7A730600CAFB0F /* ClientesViewController.swift in Sources */ = {isa = PBXBuildFile; fileRef = 6A8A71561F7A730600CAFB0F /* ClientesViewController.swift */; };
/* End PBXBuildFile section */

/* Begin PBXFileReference section */
		4305DC0EF6FE8286A729A75B /* Pods-Course Demo App.release.xcconfig */ = {isa = PBXFileReference; includeInIndex = 1; lastKnownFileType = text.xcconfig; name = "Pods-Course Demo App.release.xcconfig"; path = "Pods/Target Support Files/Pods-Course Demo App/Pods-Course Demo App.release.xcconfig"; sourceTree = "<group>"; };
		6A0E8ACB1F834A8B0058A37A /* ColegiosTableViewController.swift */ = {isa = PBXFileReference; fileEncoding = 4; lastKnownFileType = sourcecode.swift; path = ColegiosTableViewController.swift; sourceTree = "<group>"; };
		6A0E8ACE1F834E5E0058A37A /* Colegio.swift */ = {isa = PBXFileReference; fileEncoding = 4; lastKnownFileType = sourcecode.swift; path = Colegio.swift; sourceTree = "<group>"; };
		6A0E8AD11F8353DD0058A37A /* Constantes.swift */ = {isa = PBXFileReference; fileEncoding = 4; lastKnownFileType = sourcecode.swift; path = Constantes.swift; sourceTree = "<group>"; };
		6A0E8AD31F8354330058A37A /* GobService.swift */ = {isa = PBXFileReference; fileEncoding = 4; lastKnownFileType = sourcecode.swift; path = GobService.swift; sourceTree = "<group>"; };
		6A4734021F7CBB92006150E9 /* NuevoClienteTableViewController.swift */ = {isa = PBXFileReference; fileEncoding = 4; lastKnownFileType = sourcecode.swift; path = NuevoClienteTableViewController.swift; sourceTree = "<group>"; };
		6A4803A81F7E6ED50050BCB2 /* Model.xcdatamodel */ = {isa = PBXFileReference; lastKnownFileType = wrapper.xcdatamodel; path = Model.xcdatamodel; sourceTree = "<group>"; };
		6A50C4481F8209D200D7BD1B /* Cliente+CoreDataClass.swift */ = {isa = PBXFileReference; fileEncoding = 4; lastKnownFileType = sourcecode.swift; path = "Cliente+CoreDataClass.swift"; sourceTree = "<group>"; };
		6A50C4491F8209D200D7BD1B /* Cliente+CoreDataProperties.swift */ = {isa = PBXFileReference; fileEncoding = 4; lastKnownFileType = sourcecode.swift; path = "Cliente+CoreDataProperties.swift"; sourceTree = "<group>"; };
		6A640E2C1F7895C6005CEF16 /* Course Demo App.app */ = {isa = PBXFileReference; explicitFileType = wrapper.application; includeInIndex = 0; path = "Course Demo App.app"; sourceTree = BUILT_PRODUCTS_DIR; };
		6A640E2F1F7895C6005CEF16 /* AppDelegate.swift */ = {isa = PBXFileReference; lastKnownFileType = sourcecode.swift; path = AppDelegate.swift; sourceTree = "<group>"; };
		6A640E311F7895C6005CEF16 /* ViewController.swift */ = {isa = PBXFileReference; lastKnownFileType = sourcecode.swift; path = ViewController.swift; sourceTree = "<group>"; };
		6A640E341F7895C6005CEF16 /* Base */ = {isa = PBXFileReference; lastKnownFileType = file.storyboard; name = Base; path = Base.lproj/Main.storyboard; sourceTree = "<group>"; };
		6A640E361F7895C6005CEF16 /* Assets.xcassets */ = {isa = PBXFileReference; lastKnownFileType = folder.assetcatalog; path = Assets.xcassets; sourceTree = "<group>"; };
		6A640E391F7895C6005CEF16 /* Base */ = {isa = PBXFileReference; lastKnownFileType = file.storyboard; name = Base; path = Base.lproj/LaunchScreen.storyboard; sourceTree = "<group>"; };
		6A640E3B1F7895C6005CEF16 /* Info.plist */ = {isa = PBXFileReference; lastKnownFileType = text.plist.xml; path = Info.plist; sourceTree = "<group>"; };
		6A640E411F789AF0005CEF16 /* RegistroViewController.swift */ = {isa = PBXFileReference; fileEncoding = 4; lastKnownFileType = sourcecode.swift; path = RegistroViewController.swift; sourceTree = "<group>"; };
		6A640E431F789B76005CEF16 /* PuntosViewController.swift */ = {isa = PBXFileReference; fileEncoding = 4; lastKnownFileType = sourcecode.swift; path = PuntosViewController.swift; sourceTree = "<group>"; };
		6A640E451F78A38B005CEF16 /* PrincipalViewController.swift */ = {isa = PBXFileReference; fileEncoding = 4; lastKnownFileType = sourcecode.swift; path = PrincipalViewController.swift; sourceTree = "<group>"; };
		6A640E471F78A39D005CEF16 /* ConctactoViewController.swift */ = {isa = PBXFileReference; fileEncoding = 4; lastKnownFileType = sourcecode.swift; path = ConctactoViewController.swift; sourceTree = "<group>"; };
		6A680D801F79F6DD0073213C /* Persona.swift */ = {isa = PBXFileReference; fileEncoding = 4; lastKnownFileType = sourcecode.swift; path = Persona.swift; sourceTree = "<group>"; };
		6A8A71561F7A730600CAFB0F /* ClientesViewController.swift */ = {isa = PBXFileReference; fileEncoding = 4; lastKnownFileType = sourcecode.swift; path = ClientesViewController.swift; sourceTree = "<group>"; };
		D089C6F289A4561AE6BD0540 /* Pods-Course Demo App.debug.xcconfig */ = {isa = PBXFileReference; includeInIndex = 1; lastKnownFileType = text.xcconfig; name = "Pods-Course Demo App.debug.xcconfig"; path = "Pods/Target Support Files/Pods-Course Demo App/Pods-Course Demo App.debug.xcconfig"; sourceTree = "<group>"; };
		EB4C40879FC44C1751A3A795 /* Pods_Course_Demo_App.framework */ = {isa = PBXFileReference; explicitFileType = wrapper.framework; includeInIndex = 0; path = Pods_Course_Demo_App.framework; sourceTree = BUILT_PRODUCTS_DIR; };
/* End PBXFileReference section */

/* Begin PBXFrameworksBuildPhase section */
		6A640E291F7895C6005CEF16 /* Frameworks */ = {
			isa = PBXFrameworksBuildPhase;
			buildActionMask = 2147483647;
			files = (
				27547522BDF713378473B452 /* Pods_Course_Demo_App.framework in Frameworks */,
			);
			runOnlyForDeploymentPostprocessing = 0;
		};
/* End PBXFrameworksBuildPhase section */

/* Begin PBXGroup section */
		6A0E8ACD1F834E500058A37A /* Colegios */ = {
			isa = PBXGroup;
			children = (
				6A0E8ACE1F834E5E0058A37A /* Colegio.swift */,
			);
			name = Colegios;
			sourceTree = "<group>";
		};
		6A0E8AD01F8353B70058A37A /* Services */ = {
			isa = PBXGroup;
			children = (
				6A0E8AD11F8353DD0058A37A /* Constantes.swift */,
				6A0E8AD31F8354330058A37A /* GobService.swift */,
			);
			name = Services;
			sourceTree = "<group>";
		};
		6A50C44C1F8209D600D7BD1B /* Models */ = {
			isa = PBXGroup;
			children = (
				6A0E8ACD1F834E500058A37A /* Colegios */,
				6A4803A71F7E6ED50050BCB2 /* Model.xcdatamodeld */,
				6A50C4481F8209D200D7BD1B /* Cliente+CoreDataClass.swift */,
				6A50C4491F8209D200D7BD1B /* Cliente+CoreDataProperties.swift */,
			);
			name = Models;
			sourceTree = "<group>";
		};
		6A640E231F7895C6005CEF16 = {
			isa = PBXGroup;
			children = (
				6A640E2E1F7895C6005CEF16 /* Course Demo App */,
				6A640E2D1F7895C6005CEF16 /* Products */,
				C8999216016C7930649663D8 /* Pods */,
				BBF30E08FAAE3A6345F8D02E /* Frameworks */,
			);
			sourceTree = "<group>";
		};
		6A640E2D1F7895C6005CEF16 /* Products */ = {
			isa = PBXGroup;
			children = (
				6A640E2C1F7895C6005CEF16 /* Course Demo App.app */,
			);
			name = Products;
			sourceTree = "<group>";
		};
		6A640E2E1F7895C6005CEF16 /* Course Demo App */ = {
			isa = PBXGroup;
			children = (
				6A0E8AD01F8353B70058A37A /* Services */,
				6A50C44C1F8209D600D7BD1B /* Models */,
				6A640E2F1F7895C6005CEF16 /* AppDelegate.swift */,
				6A640E311F7895C6005CEF16 /* ViewController.swift */,
				6A640E331F7895C6005CEF16 /* Main.storyboard */,
				6A640E361F7895C6005CEF16 /* Assets.xcassets */,
				6A640E381F7895C6005CEF16 /* LaunchScreen.storyboard */,
				6A640E3B1F7895C6005CEF16 /* Info.plist */,
				6A640E411F789AF0005CEF16 /* RegistroViewController.swift */,
				6A640E431F789B76005CEF16 /* PuntosViewController.swift */,
				6A640E451F78A38B005CEF16 /* PrincipalViewController.swift */,
				6A640E471F78A39D005CEF16 /* ConctactoViewController.swift */,
				6A680D801F79F6DD0073213C /* Persona.swift */,
				6A8A71561F7A730600CAFB0F /* ClientesViewController.swift */,
				6A4734021F7CBB92006150E9 /* NuevoClienteTableViewController.swift */,
				6A0E8ACB1F834A8B0058A37A /* ColegiosTableViewController.swift */,
			);
			path = "Course Demo App";
			sourceTree = "<group>";
		};
		BBF30E08FAAE3A6345F8D02E /* Frameworks */ = {
			isa = PBXGroup;
			children = (
				EB4C40879FC44C1751A3A795 /* Pods_Course_Demo_App.framework */,
			);
			name = Frameworks;
			sourceTree = "<group>";
		};
		C8999216016C7930649663D8 /* Pods */ = {
			isa = PBXGroup;
			children = (
				D089C6F289A4561AE6BD0540 /* Pods-Course Demo App.debug.xcconfig */,
				4305DC0EF6FE8286A729A75B /* Pods-Course Demo App.release.xcconfig */,
			);
			name = Pods;
			sourceTree = "<group>";
		};
/* End PBXGroup section */

/* Begin PBXNativeTarget section */
		6A640E2B1F7895C6005CEF16 /* Course Demo App */ = {
			isa = PBXNativeTarget;
			buildConfigurationList = 6A640E3E1F7895C6005CEF16 /* Build configuration list for PBXNativeTarget "Course Demo App" */;
			buildPhases = (
				7DAE8DBA7408CCC878F1EDF6 /* [CP] Check Pods Manifest.lock */,
				6A640E281F7895C6005CEF16 /* Sources */,
				6A640E291F7895C6005CEF16 /* Frameworks */,
				6A640E2A1F7895C6005CEF16 /* Resources */,
				327E7BC7CAB7E1FF6A73F532 /* [CP] Embed Pods Frameworks */,
				C769079C6852D59F6E429444 /* [CP] Copy Pods Resources */,
			);
			buildRules = (
			);
			dependencies = (
			);
			name = "Course Demo App";
			productName = "Course Demo App";
			productReference = 6A640E2C1F7895C6005CEF16 /* Course Demo App.app */;
			productType = "com.apple.product-type.application";
		};
/* End PBXNativeTarget section */

/* Begin PBXProject section */
		6A640E241F7895C6005CEF16 /* Project object */ = {
			isa = PBXProject;
			attributes = {
				LastSwiftUpdateCheck = 0830;
				LastUpgradeCheck = 0830;
				ORGANIZATIONNAME = ALVAREZ.tech;
				TargetAttributes = {
					6A640E2B1F7895C6005CEF16 = {
						CreatedOnToolsVersion = 8.3.3;
						ProvisioningStyle = Automatic;
					};
				};
			};
			buildConfigurationList = 6A640E271F7895C6005CEF16 /* Build configuration list for PBXProject "Course Demo App" */;
			compatibilityVersion = "Xcode 3.2";
			developmentRegion = English;
			hasScannedForEncodings = 0;
			knownRegions = (
				en,
				Base,
			);
			mainGroup = 6A640E231F7895C6005CEF16;
			productRefGroup = 6A640E2D1F7895C6005CEF16 /* Products */;
			projectDirPath = "";
			projectRoot = "";
			targets = (
				6A640E2B1F7895C6005CEF16 /* Course Demo App */,
			);
		};
/* End PBXProject section */

/* Begin PBXResourcesBuildPhase section */
		6A640E2A1F7895C6005CEF16 /* Resources */ = {
			isa = PBXResourcesBuildPhase;
			buildActionMask = 2147483647;
			files = (
				6A640E3A1F7895C6005CEF16 /* LaunchScreen.storyboard in Resources */,
				6A640E371F7895C6005CEF16 /* Assets.xcassets in Resources */,
				6A640E351F7895C6005CEF16 /* Main.storyboard in Resources */,
			);
			runOnlyForDeploymentPostprocessing = 0;
		};
/* End PBXResourcesBuildPhase section */

/* Begin PBXShellScriptBuildPhase section */
		327E7BC7CAB7E1FF6A73F532 /* [CP] Embed Pods Frameworks */ = {
			isa = PBXShellScriptBuildPhase;
			buildActionMask = 2147483647;
			files = (
			);
			inputPaths = (
				"${SRCROOT}/Pods/Target Support Files/Pods-Course Demo App/Pods-Course Demo App-frameworks.sh",
				"${BUILT_PRODUCTS_DIR}/Alamofire/Alamofire.framework",
			);
			name = "[CP] Embed Pods Frameworks";
			outputPaths = (
				"${TARGET_BUILD_DIR}/${FRAMEWORKS_FOLDER_PATH}/Alamofire.framework",
			);
			runOnlyForDeploymentPostprocessing = 0;
			shellPath = /bin/sh;
			shellScript = "\"${SRCROOT}/Pods/Target Support Files/Pods-Course Demo App/Pods-Course Demo App-frameworks.sh\"\n";
			showEnvVarsInLog = 0;
		};
		7DAE8DBA7408CCC878F1EDF6 /* [CP] Check Pods Manifest.lock */ = {
			isa = PBXShellScriptBuildPhase;
			buildActionMask = 2147483647;
			files = (
			);
			inputPaths = (
				"${PODS_PODFILE_DIR_PATH}/Podfile.lock",
				"${PODS_ROOT}/Manifest.lock",
			);
			name = "[CP] Check Pods Manifest.lock";
			outputPaths = (
				"$(DERIVED_FILE_DIR)/Pods-Course Demo App-checkManifestLockResult.txt",
			);
			runOnlyForDeploymentPostprocessing = 0;
			shellPath = /bin/sh;
			shellScript = "diff \"${PODS_PODFILE_DIR_PATH}/Podfile.lock\" \"${PODS_ROOT}/Manifest.lock\" > /dev/null\nif [ $? != 0 ] ; then\n    # print error to STDERR\n    echo \"error: The sandbox is not in sync with the Podfile.lock. Run 'pod install' or update your CocoaPods installation.\" >&2\n    exit 1\nfi\n# This output is used by Xcode 'outputs' to avoid re-running this script phase.\necho \"SUCCESS\" > \"${SCRIPT_OUTPUT_FILE_0}\"\n";
			showEnvVarsInLog = 0;
		};
		C769079C6852D59F6E429444 /* [CP] Copy Pods Resources */ = {
			isa = PBXShellScriptBuildPhase;
			buildActionMask = 2147483647;
			files = (
			);
			inputPaths = (
			);
			name = "[CP] Copy Pods Resources";
			outputPaths = (
			);
			runOnlyForDeploymentPostprocessing = 0;
			shellPath = /bin/sh;
			shellScript = "\"${SRCROOT}/Pods/Target Support Files/Pods-Course Demo App/Pods-Course Demo App-resources.sh\"\n";
			showEnvVarsInLog = 0;
		};
/* End PBXShellScriptBuildPhase section */

/* Begin PBXSourcesBuildPhase section */
		6A640E281F7895C6005CEF16 /* Sources */ = {
			isa = PBXSourcesBuildPhase;
			buildActionMask = 2147483647;
			files = (
				6A0E8ACF1F834E5E0058A37A /* Colegio.swift in Sources */,
				6A640E321F7895C6005CEF16 /* ViewController.swift in Sources */,
				6A640E441F789B76005CEF16 /* PuntosViewController.swift in Sources */,
				6A640E461F78A38B005CEF16 /* PrincipalViewController.swift in Sources */,
				6A0E8AD41F8354330058A37A /* GobService.swift in Sources */,
				6A640E421F789AF0005CEF16 /* RegistroViewController.swift in Sources */,
				6A0E8AD21F8353DD0058A37A /* Constantes.swift in Sources */,
				6A50C44B1F8209D200D7BD1B /* Cliente+CoreDataProperties.swift in Sources */,
				6A640E301F7895C6005CEF16 /* AppDelegate.swift in Sources */,
				6A0E8ACC1F834A8B0058A37A /* ColegiosTableViewController.swift in Sources */,
				6A8A71571F7A730600CAFB0F /* ClientesViewController.swift in Sources */,
				6A640E481F78A39D005CEF16 /* ConctactoViewController.swift in Sources */,
				6A4803A91F7E6ED50050BCB2 /* Model.xcdatamodeld in Sources */,
				6A4734031F7CBB92006150E9 /* NuevoClienteTableViewController.swift in Sources */,
				6A50C44A1F8209D200D7BD1B /* Cliente+CoreDataClass.swift in Sources */,
				6A680D811F79F6DD0073213C /* Persona.swift in Sources */,
			);
			runOnlyForDeploymentPostprocessing = 0;
		};
/* End PBXSourcesBuildPhase section */

/* Begin PBXVariantGroup section */
		6A640E331F7895C6005CEF16 /* Main.storyboard */ = {
			isa = PBXVariantGroup;
			children = (
				6A640E341F7895C6005CEF16 /* Base */,
			);
			name = Main.storyboard;
			sourceTree = "<group>";
		};
		6A640E381F7895C6005CEF16 /* LaunchScreen.storyboard */ = {
			isa = PBXVariantGroup;
			children = (
				6A640E391F7895C6005CEF16 /* Base */,
			);
			name = LaunchScreen.storyboard;
			sourceTree = "<group>";
		};
/* End PBXVariantGroup section */

/* Begin XCBuildConfiguration section */
		6A640E3C1F7895C6005CEF16 /* Debug */ = {
			isa = XCBuildConfiguration;
			buildSettings = {
				ALWAYS_SEARCH_USER_PATHS = NO;
				CLANG_ANALYZER_NONNULL = YES;
				CLANG_ANALYZER_NUMBER_OBJECT_CONVERSION = YES_AGGRESSIVE;
				CLANG_CXX_LANGUAGE_STANDARD = "gnu++0x";
				CLANG_CXX_LIBRARY = "libc++";
				CLANG_ENABLE_MODULES = YES;
				CLANG_ENABLE_OBJC_ARC = YES;
				CLANG_WARN_BOOL_CONVERSION = YES;
				CLANG_WARN_CONSTANT_CONVERSION = YES;
				CLANG_WARN_DIRECT_OBJC_ISA_USAGE = YES_ERROR;
				CLANG_WARN_DOCUMENTATION_COMMENTS = YES;
				CLANG_WARN_EMPTY_BODY = YES;
				CLANG_WARN_ENUM_CONVERSION = YES;
				CLANG_WARN_INFINITE_RECURSION = YES;
				CLANG_WARN_INT_CONVERSION = YES;
				CLANG_WARN_OBJC_ROOT_CLASS = YES_ERROR;
				CLANG_WARN_SUSPICIOUS_MOVE = YES;
				CLANG_WARN_UNREACHABLE_CODE = YES;
				CLANG_WARN__DUPLICATE_METHOD_MATCH = YES;
				"CODE_SIGN_IDENTITY[sdk=iphoneos*]" = "iPhone Developer";
				COPY_PHASE_STRIP = NO;
				DEBUG_INFORMATION_FORMAT = dwarf;
				ENABLE_STRICT_OBJC_MSGSEND = YES;
				ENABLE_TESTABILITY = YES;
				GCC_C_LANGUAGE_STANDARD = gnu99;
				GCC_DYNAMIC_NO_PIC = NO;
				GCC_NO_COMMON_BLOCKS = YES;
				GCC_OPTIMIZATION_LEVEL = 0;
				GCC_PREPROCESSOR_DEFINITIONS = (
					"DEBUG=1",
					"$(inherited)",
				);
				GCC_WARN_64_TO_32_BIT_CONVERSION = YES;
				GCC_WARN_ABOUT_RETURN_TYPE = YES_ERROR;
				GCC_WARN_UNDECLARED_SELECTOR = YES;
				GCC_WARN_UNINITIALIZED_AUTOS = YES_AGGRESSIVE;
				GCC_WARN_UNUSED_FUNCTION = YES;
				GCC_WARN_UNUSED_VARIABLE = YES;
				IPHONEOS_DEPLOYMENT_TARGET = 10.3;
				MTL_ENABLE_DEBUG_INFO = YES;
				ONLY_ACTIVE_ARCH = YES;
				SDKROOT = iphoneos;
				SWIFT_ACTIVE_COMPILATION_CONDITIONS = DEBUG;
				SWIFT_OPTIMIZATION_LEVEL = "-Onone";
				TARGETED_DEVICE_FAMILY = "1,2";
			};
			name = Debug;
		};
		6A640E3D1F7895C6005CEF16 /* Release */ = {
			isa = XCBuildConfiguration;
			buildSettings = {
				ALWAYS_SEARCH_USER_PATHS = NO;
				CLANG_ANALYZER_NONNULL = YES;
				CLANG_ANALYZER_NUMBER_OBJECT_CONVERSION = YES_AGGRESSIVE;
				CLANG_CXX_LANGUAGE_STANDARD = "gnu++0x";
				CLANG_CXX_LIBRARY = "libc++";
				CLANG_ENABLE_MODULES = YES;
				CLANG_ENABLE_OBJC_ARC = YES;
				CLANG_WARN_BOOL_CONVERSION = YES;
				CLANG_WARN_CONSTANT_CONVERSION = YES;
				CLANG_WARN_DIRECT_OBJC_ISA_USAGE = YES_ERROR;
				CLANG_WARN_DOCUMENTATION_COMMENTS = YES;
				CLANG_WARN_EMPTY_BODY = YES;
				CLANG_WARN_ENUM_CONVERSION = YES;
				CLANG_WARN_INFINITE_RECURSION = YES;
				CLANG_WARN_INT_CONVERSION = YES;
				CLANG_WARN_OBJC_ROOT_CLASS = YES_ERROR;
				CLANG_WARN_SUSPICIOUS_MOVE = YES;
				CLANG_WARN_UNREACHABLE_CODE = YES;
				CLANG_WARN__DUPLICATE_METHOD_MATCH = YES;
				"CODE_SIGN_IDENTITY[sdk=iphoneos*]" = "iPhone Developer";
				COPY_PHASE_STRIP = NO;
				DEBUG_INFORMATION_FORMAT = "dwarf-with-dsym";
				ENABLE_NS_ASSERTIONS = NO;
				ENABLE_STRICT_OBJC_MSGSEND = YES;
				GCC_C_LANGUAGE_STANDARD = gnu99;
				GCC_NO_COMMON_BLOCKS = YES;
				GCC_WARN_64_TO_32_BIT_CONVERSION = YES;
				GCC_WARN_ABOUT_RETURN_TYPE = YES_ERROR;
				GCC_WARN_UNDECLARED_SELECTOR = YES;
				GCC_WARN_UNINITIALIZED_AUTOS = YES_AGGRESSIVE;
				GCC_WARN_UNUSED_FUNCTION = YES;
				GCC_WARN_UNUSED_VARIABLE = YES;
				IPHONEOS_DEPLOYMENT_TARGET = 10.3;
				MTL_ENABLE_DEBUG_INFO = NO;
				SDKROOT = iphoneos;
				SWIFT_OPTIMIZATION_LEVEL = "-Owholemodule";
				TARGETED_DEVICE_FAMILY = "1,2";
				VALIDATE_PRODUCT = YES;
			};
			name = Release;
		};
		6A640E3F1F7895C6005CEF16 /* Debug */ = {
			isa = XCBuildConfiguration;
			baseConfigurationReference = D089C6F289A4561AE6BD0540 /* Pods-Course Demo App.debug.xcconfig */;
			buildSettings = {
				ASSETCATALOG_COMPILER_APPICON_NAME = AppIcon;
				INFOPLIST_FILE = "Course Demo App/Info.plist";
				LD_RUNPATH_SEARCH_PATHS = "$(inherited) @executable_path/Frameworks";
				PRODUCT_BUNDLE_IDENTIFIER = "tech.alvarez.Course-Demo-App";
				PRODUCT_NAME = "$(TARGET_NAME)";
				SWIFT_VERSION = 3.0;
			};
			name = Debug;
		};
		6A640E401F7895C6005CEF16 /* Release */ = {
			isa = XCBuildConfiguration;
			baseConfigurationReference = 4305DC0EF6FE8286A729A75B /* Pods-Course Demo App.release.xcconfig */;
			buildSettings = {
				ASSETCATALOG_COMPILER_APPICON_NAME = AppIcon;
				INFOPLIST_FILE = "Course Demo App/Info.plist";
				LD_RUNPATH_SEARCH_PATHS = "$(inherited) @executable_path/Frameworks";
				PRODUCT_BUNDLE_IDENTIFIER = "tech.alvarez.Course-Demo-App";
				PRODUCT_NAME = "$(TARGET_NAME)";
				SWIFT_VERSION = 3.0;
			};
			name = Release;
		};
/* End XCBuildConfiguration section */

/* Begin XCConfigurationList section */
		6A640E271F7895C6005CEF16 /* Build configuration list for PBXProject "Course Demo App" */ = {
			isa = XCConfigurationList;
			buildConfigurations = (
				6A640E3C1F7895C6005CEF16 /* Debug */,
				6A640E3D1F7895C6005CEF16 /* Release */,
			);
			defaultConfigurationIsVisible = 0;
			defaultConfigurationName = Release;
		};
		6A640E3E1F7895C6005CEF16 /* Build configuration list for PBXNativeTarget "Course Demo App" */ = {
			isa = XCConfigurationList;
			buildConfigurations = (
				6A640E3F1F7895C6005CEF16 /* Debug */,
				6A640E401F7895C6005CEF16 /* Release */,
			);
			defaultConfigurationIsVisible = 0;
			defaultConfigurationName = Release;
		};
/* End XCConfigurationList section */

/* Begin XCVersionGroup section */
		6A4803A71F7E6ED50050BCB2 /* Model.xcdatamodeld */ = {
			isa = XCVersionGroup;
			children = (
				6A4803A81F7E6ED50050BCB2 /* Model.xcdatamodel */,
			);
			currentVersion = 6A4803A81F7E6ED50050BCB2 /* Model.xcdatamodel */;
			path = Model.xcdatamodeld;
			sourceTree = "<group>";
			versionGroupType = wrapper.xcdatamodel;
		};
/* End XCVersionGroup section */
	};
	rootObject = 6A640E241F7895C6005CEF16 /* Project object */;
}
